// !$*UTF8*$!
{
	archiveVersion = 1;
	classes = {
	};
	objectVersion = 50;
	objects = {

/* Begin PBXBuildFile section */
		044A6FDD212D5BFE00595F73 /* AppDelegate.m in Sources */ = {isa = PBXBuildFile; fileRef = 044A6FDC212D5BFE00595F73 /* AppDelegate.m */; };
		044A6FE0212D5BFE00595F73 /* ViewController.m in Sources */ = {isa = PBXBuildFile; fileRef = 044A6FDF212D5BFE00595F73 /* ViewController.m */; };
		044A6FE3212D5BFE00595F73 /* Main.storyboard in Resources */ = {isa = PBXBuildFile; fileRef = 044A6FE1212D5BFE00595F73 /* Main.storyboard */; };
		044A6FE5212D5BFE00595F73 /* Assets.xcassets in Resources */ = {isa = PBXBuildFile; fileRef = 044A6FE4212D5BFE00595F73 /* Assets.xcassets */; };
		044A6FE8212D5BFE00595F73 /* LaunchScreen.storyboard in Resources */ = {isa = PBXBuildFile; fileRef = 044A6FE6212D5BFE00595F73 /* LaunchScreen.storyboard */; };
		044A6FEB212D5BFE00595F73 /* main.m in Sources */ = {isa = PBXBuildFile; fileRef = 044A6FEA212D5BFE00595F73 /* main.m */; };
		044A6FF5212D5BFE00595F73 /* testTests.m in Sources */ = {isa = PBXBuildFile; fileRef = 044A6FF4212D5BFE00595F73 /* testTests.m */; };
		044A7000212D5BFF00595F73 /* testUITests.m in Sources */ = {isa = PBXBuildFile; fileRef = 044A6FFF212D5BFF00595F73 /* testUITests.m */; };
		044A700F212D5CB800595F73 /* FMDBManager.m in Sources */ = {isa = PBXBuildFile; fileRef = 044A700E212D5CB800595F73 /* FMDBManager.m */; };
		044A7012212D5D2900595F73 /* MyModel.m in Sources */ = {isa = PBXBuildFile; fileRef = 044A7011212D5D2900595F73 /* MyModel.m */; };
		B7FA42318530CB24C6A032E4 /* libPods-test.a in Frameworks */ = {isa = PBXBuildFile; fileRef = 6520838DE0DCFAE52D3D943D /* libPods-test.a */; };
/* End PBXBuildFile section */

/* Begin PBXContainerItemProxy section */
		044A6FF1212D5BFE00595F73 /* PBXContainerItemProxy */ = {
			isa = PBXContainerItemProxy;
			containerPortal = 044A6FD0212D5BFE00595F73 /* Project object */;
			proxyType = 1;
			remoteGlobalIDString = 044A6FD7212D5BFE00595F73;
			remoteInfo = test;
		};
		044A6FFC212D5BFF00595F73 /* PBXContainerItemProxy */ = {
			isa = PBXContainerItemProxy;
			containerPortal = 044A6FD0212D5BFE00595F73 /* Project object */;
			proxyType = 1;
			remoteGlobalIDString = 044A6FD7212D5BFE00595F73;
			remoteInfo = test;
		};
/* End PBXContainerItemProxy section */

/* Begin PBXFileReference section */
		044A6FD8212D5BFE00595F73 /* test.app */ = {isa = PBXFileReference; explicitFileType = wrapper.application; includeInIndex = 0; path = test.app; sourceTree = BUILT_PRODUCTS_DIR; };
		044A6FDB212D5BFE00595F73 /* AppDelegate.h */ = {isa = PBXFileReference; lastKnownFileType = sourcecode.c.h; path = AppDelegate.h; sourceTree = "<group>"; };
		044A6FDC212D5BFE00595F73 /* AppDelegate.m */ = {isa = PBXFileReference; lastKnownFileType = sourcecode.c.objc; path = AppDelegate.m; sourceTree = "<group>"; };
		044A6FDE212D5BFE00595F73 /* ViewController.h */ = {isa = PBXFileReference; lastKnownFileType = sourcecode.c.h; path = ViewController.h; sourceTree = "<group>"; };
		044A6FDF212D5BFE00595F73 /* ViewController.m */ = {isa = PBXFileReference; lastKnownFileType = sourcecode.c.objc; path = ViewController.m; sourceTree = "<group>"; };
		044A6FE2212D5BFE00595F73 /* Base */ = {isa = PBXFileReference; lastKnownFileType = file.storyboard; name = Base; path = Base.lproj/Main.storyboard; sourceTree = "<group>"; };
		044A6FE4212D5BFE00595F73 /* Assets.xcassets */ = {isa = PBXFileReference; lastKnownFileType = folder.assetcatalog; path = Assets.xcassets; sourceTree = "<group>"; };
		044A6FE7212D5BFE00595F73 /* Base */ = {isa = PBXFileReference; lastKnownFileType = file.storyboard; name = Base; path = Base.lproj/LaunchScreen.storyboard; sourceTree = "<group>"; };
		044A6FE9212D5BFE00595F73 /* Info.plist */ = {isa = PBXFileReference; lastKnownFileType = text.plist.xml; path = Info.plist; sourceTree = "<group>"; };
		044A6FEA212D5BFE00595F73 /* main.m */ = {isa = PBXFileReference; lastKnownFileType = sourcecode.c.objc; path = main.m; sourceTree = "<group>"; };
		044A6FF0212D5BFE00595F73 /* testTests.xctest */ = {isa = PBXFileReference; explicitFileType = wrapper.cfbundle; includeInIndex = 0; path = testTests.xctest; sourceTree = BUILT_PRODUCTS_DIR; };
		044A6FF4212D5BFE00595F73 /* testTests.m */ = {isa = PBXFileReference; lastKnownFileType = sourcecode.c.objc; path = testTests.m; sourceTree = "<group>"; };
		044A6FF6212D5BFE00595F73 /* Info.plist */ = {isa = PBXFileReference; lastKnownFileType = text.plist.xml; path = Info.plist; sourceTree = "<group>"; };
		044A6FFB212D5BFF00595F73 /* testUITests.xctest */ = {isa = PBXFileReference; explicitFileType = wrapper.cfbundle; includeInIndex = 0; path = testUITests.xctest; sourceTree = BUILT_PRODUCTS_DIR; };
		044A6FFF212D5BFF00595F73 /* testUITests.m */ = {isa = PBXFileReference; lastKnownFileType = sourcecode.c.objc; path = testUITests.m; sourceTree = "<group>"; };
		044A7001212D5BFF00595F73 /* Info.plist */ = {isa = PBXFileReference; lastKnownFileType = text.plist.xml; path = Info.plist; sourceTree = "<group>"; };
		044A700D212D5CB800595F73 /* FMDBManager.h */ = {isa = PBXFileReference; lastKnownFileType = sourcecode.c.h; path = FMDBManager.h; sourceTree = "<group>"; };
		044A700E212D5CB800595F73 /* FMDBManager.m */ = {isa = PBXFileReference; lastKnownFileType = sourcecode.c.objc; path = FMDBManager.m; sourceTree = "<group>"; };
		044A7010212D5D2900595F73 /* MyModel.h */ = {isa = PBXFileReference; lastKnownFileType = sourcecode.c.h; path = MyModel.h; sourceTree = "<group>"; };
		044A7011212D5D2900595F73 /* MyModel.m */ = {isa = PBXFileReference; lastKnownFileType = sourcecode.c.objc; path = MyModel.m; sourceTree = "<group>"; };
		6520838DE0DCFAE52D3D943D /* libPods-test.a */ = {isa = PBXFileReference; explicitFileType = archive.ar; includeInIndex = 0; path = "libPods-test.a"; sourceTree = BUILT_PRODUCTS_DIR; };
		8C9C0A951B367855AA4184D1 /* Pods-test.release.xcconfig */ = {isa = PBXFileReference; includeInIndex = 1; lastKnownFileType = text.xcconfig; name = "Pods-test.release.xcconfig"; path = "Pods/Target Support Files/Pods-test/Pods-test.release.xcconfig"; sourceTree = "<group>"; };
		A208B5BAD37A9B4C32724D36 /* Pods-test.debug.xcconfig */ = {isa = PBXFileReference; includeInIndex = 1; lastKnownFileType = text.xcconfig; name = "Pods-test.debug.xcconfig"; path = "Pods/Target Support Files/Pods-test/Pods-test.debug.xcconfig"; sourceTree = "<group>"; };
/* End PBXFileReference section */

/* Begin PBXFrameworksBuildPhase section */
		044A6FD5212D5BFE00595F73 /* Frameworks */ = {
			isa = PBXFrameworksBuildPhase;
			buildActionMask = 2147483647;
			files = (
				B7FA42318530CB24C6A032E4 /* libPods-test.a in Frameworks */,
			);
			runOnlyForDeploymentPostprocessing = 0;
		};
		044A6FED212D5BFE00595F73 /* Frameworks */ = {
			isa = PBXFrameworksBuildPhase;
			buildActionMask = 2147483647;
			files = (
			);
			runOnlyForDeploymentPostprocessing = 0;
		};
		044A6FF8212D5BFF00595F73 /* Frameworks */ = {
			isa = PBXFrameworksBuildPhase;
			buildActionMask = 2147483647;
			files = (
			);
			runOnlyForDeploymentPostprocessing = 0;
		};
/* End PBXFrameworksBuildPhase section */

/* Begin PBXGroup section */
		044A6FCF212D5BFE00595F73 = {
			isa = PBXGroup;
			children = (
				044A6FDA212D5BFE00595F73 /* test */,
				044A6FF3212D5BFE00595F73 /* testTests */,
				044A6FFE212D5BFF00595F73 /* testUITests */,
				044A6FD9212D5BFE00595F73 /* Products */,
				20703168580B1D35588E059C /* Pods */,
				E097EB380726C55DB03A510C /* Frameworks */,
			);
			sourceTree = "<group>";
		};
		044A6FD9212D5BFE00595F73 /* Products */ = {
			isa = PBXGroup;
			children = (
				044A6FD8212D5BFE00595F73 /* test.app */,
				044A6FF0212D5BFE00595F73 /* testTests.xctest */,
				044A6FFB212D5BFF00595F73 /* testUITests.xctest */,
			);
			name = Products;
			sourceTree = "<group>";
		};
		044A6FDA212D5BFE00595F73 /* test */ = {
			isa = PBXGroup;
			children = (
				044A6FDB212D5BFE00595F73 /* AppDelegate.h */,
				044A6FDC212D5BFE00595F73 /* AppDelegate.m */,
				044A6FDE212D5BFE00595F73 /* ViewController.h */,
				044A6FDF212D5BFE00595F73 /* ViewController.m */,
				044A700D212D5CB800595F73 /* FMDBManager.h */,
				044A700E212D5CB800595F73 /* FMDBManager.m */,
				044A7010212D5D2900595F73 /* MyModel.h */,
				044A7011212D5D2900595F73 /* MyModel.m */,
				044A6FE1212D5BFE00595F73 /* Main.storyboard */,
				044A6FE4212D5BFE00595F73 /* Assets.xcassets */,
				044A6FE6212D5BFE00595F73 /* LaunchScreen.storyboard */,
				044A6FE9212D5BFE00595F73 /* Info.plist */,
				044A6FEA212D5BFE00595F73 /* main.m */,
			);
			path = test;
			sourceTree = "<group>";
		};
		044A6FF3212D5BFE00595F73 /* testTests */ = {
			isa = PBXGroup;
			children = (
				044A6FF4212D5BFE00595F73 /* testTests.m */,
				044A6FF6212D5BFE00595F73 /* Info.plist */,
			);
			path = testTests;
			sourceTree = "<group>";
		};
		044A6FFE212D5BFF00595F73 /* testUITests */ = {
			isa = PBXGroup;
			children = (
				044A6FFF212D5BFF00595F73 /* testUITests.m */,
				044A7001212D5BFF00595F73 /* Info.plist */,
			);
			path = testUITests;
			sourceTree = "<group>";
		};
		20703168580B1D35588E059C /* Pods */ = {
			isa = PBXGroup;
			children = (
				A208B5BAD37A9B4C32724D36 /* Pods-test.debug.xcconfig */,
				8C9C0A951B367855AA4184D1 /* Pods-test.release.xcconfig */,
			);
			name = Pods;
			sourceTree = "<group>";
		};
		E097EB380726C55DB03A510C /* Frameworks */ = {
			isa = PBXGroup;
			children = (
				6520838DE0DCFAE52D3D943D /* libPods-test.a */,
			);
			name = Frameworks;
			sourceTree = "<group>";
		};
/* End PBXGroup section */

/* Begin PBXNativeTarget section */
		044A6FD7212D5BFE00595F73 /* test */ = {
			isa = PBXNativeTarget;
			buildConfigurationList = 044A7004212D5BFF00595F73 /* Build configuration list for PBXNativeTarget "test" */;
			buildPhases = (
				2F140B66680193F97F4BD30D /* [CP] Check Pods Manifest.lock */,
				044A6FD4212D5BFE00595F73 /* Sources */,
				044A6FD5212D5BFE00595F73 /* Frameworks */,
				044A6FD6212D5BFE00595F73 /* Resources */,
			);
			buildRules = (
			);
			dependencies = (
			);
			name = test;
			productName = test;
			productReference = 044A6FD8212D5BFE00595F73 /* test.app */;
			productType = "com.apple.product-type.application";
		};
		044A6FEF212D5BFE00595F73 /* testTests */ = {
			isa = PBXNativeTarget;
			buildConfigurationList = 044A7007212D5BFF00595F73 /* Build configuration list for PBXNativeTarget "testTests" */;
			buildPhases = (
				044A6FEC212D5BFE00595F73 /* Sources */,
				044A6FED212D5BFE00595F73 /* Frameworks */,
				044A6FEE212D5BFE00595F73 /* Resources */,
			);
			buildRules = (
			);
			dependencies = (
				044A6FF2212D5BFE00595F73 /* PBXTargetDependency */,
			);
			name = testTests;
			productName = testTests;
			productReference = 044A6FF0212D5BFE00595F73 /* testTests.xctest */;
			productType = "com.apple.product-type.bundle.unit-test";
		};
		044A6FFA212D5BFF00595F73 /* testUITests */ = {
			isa = PBXNativeTarget;
			buildConfigurationList = 044A700A212D5BFF00595F73 /* Build configuration list for PBXNativeTarget "testUITests" */;
			buildPhases = (
				044A6FF7212D5BFF00595F73 /* Sources */,
				044A6FF8212D5BFF00595F73 /* Frameworks */,
				044A6FF9212D5BFF00595F73 /* Resources */,
			);
			buildRules = (
			);
			dependencies = (
				044A6FFD212D5BFF00595F73 /* PBXTargetDependency */,
			);
			name = testUITests;
			productName = testUITests;
			productReference = 044A6FFB212D5BFF00595F73 /* testUITests.xctest */;
			productType = "com.apple.product-type.bundle.ui-testing";
		};
/* End PBXNativeTarget section */

/* Begin PBXProject section */
		044A6FD0212D5BFE00595F73 /* Project object */ = {
			isa = PBXProject;
			attributes = {
				LastUpgradeCheck = 0940;
				ORGANIZATIONNAME = MAC;
				TargetAttributes = {
					044A6FD7212D5BFE00595F73 = {
						CreatedOnToolsVersion = 9.4;
					};
					044A6FEF212D5BFE00595F73 = {
						CreatedOnToolsVersion = 9.4;
						TestTargetID = 044A6FD7212D5BFE00595F73;
					};
					044A6FFA212D5BFF00595F73 = {
						CreatedOnToolsVersion = 9.4;
						TestTargetID = 044A6FD7212D5BFE00595F73;
					};
				};
			};
			buildConfigurationList = 044A6FD3212D5BFE00595F73 /* Build configuration list for PBXProject "test" */;
			compatibilityVersion = "Xcode 9.3";
			developmentRegion = en;
			hasScannedForEncodings = 0;
			knownRegions = (
				en,
				Base,
			);
			mainGroup = 044A6FCF212D5BFE00595F73;
			productRefGroup = 044A6FD9212D5BFE00595F73 /* Products */;
			projectDirPath = "";
			projectRoot = "";
			targets = (
				044A6FD7212D5BFE00595F73 /* test */,
				044A6FEF212D5BFE00595F73 /* testTests */,
				044A6FFA212D5BFF00595F73 /* testUITests */,
			);
		};
/* End PBXProject section */

/* Begin PBXResourcesBuildPhase section */
		044A6FD6212D5BFE00595F73 /* Resources */ = {
			isa = PBXResourcesBuildPhase;
			buildActionMask = 2147483647;
			files = (
				044A6FE8212D5BFE00595F73 /* LaunchScreen.storyboard in Resources */,
				044A6FE5212D5BFE00595F73 /* Assets.xcassets in Resources */,
				044A6FE3212D5BFE00595F73 /* Main.storyboard in Resources */,
			);
			runOnlyForDeploymentPostprocessing = 0;
		};
		044A6FEE212D5BFE00595F73 /* Resources */ = {
			isa = PBXResourcesBuildPhase;
			buildActionMask = 2147483647;
			files = (
			);
			runOnlyForDeploymentPostprocessing = 0;
		};
		044A6FF9212D5BFF00595F73 /* Resources */ = {
			isa = PBXResourcesBuildPhase;
			buildActionMask = 2147483647;
			files = (
			);
			runOnlyForDeploymentPostprocessing = 0;
		};
/* End PBXResourcesBuildPhase section */

/* Begin PBXShellScriptBuildPhase section */
		2F140B66680193F97F4BD30D /* [CP] Check Pods Manifest.lock */ = {
			isa = PBXShellScriptBuildPhase;
			buildActionMask = 2147483647;
			files = (
			);
			inputPaths = (
				"${PODS_PODFILE_DIR_PATH}/Podfile.lock",
				"${PODS_ROOT}/Manifest.lock",
			);
			name = "[CP] Check Pods Manifest.lock";
			outputPaths = (
				"$(DERIVED_FILE_DIR)/Pods-test-checkManifestLockResult.txt",
			);
			runOnlyForDeploymentPostprocessing = 0;
			shellPath = /bin/sh;
			shellScript = "diff \"${PODS_PODFILE_DIR_PATH}/Podfile.lock\" \"${PODS_ROOT}/Manifest.lock\" > /dev/null\nif [ $? != 0 ] ; then\n    # print error to STDERR\n    echo \"error: The sandbox is not in sync with the Podfile.lock. Run 'pod install' or update your CocoaPods installation.\" >&2\n    exit 1\nfi\n# This output is used by Xcode 'outputs' to avoid re-running this script phase.\necho \"SUCCESS\" > \"${SCRIPT_OUTPUT_FILE_0}\"\n";
			showEnvVarsInLog = 0;
		};
/* End PBXShellScriptBuildPhase section */

/* Begin PBXSourcesBuildPhase section */
		044A6FD4212D5BFE00595F73 /* Sources */ = {
			isa = PBXSourcesBuildPhase;
			buildActionMask = 2147483647;
			files = (
				044A700F212D5CB800595F73 /* FMDBManager.m in Sources */,
				044A7012212D5D2900595F73 /* MyModel.m in Sources */,
				044A6FE0212D5BFE00595F73 /* ViewController.m in Sources */,
				044A6FEB212D5BFE00595F73 /* main.m in Sources */,
				044A6FDD212D5BFE00595F73 /* AppDelegate.m in Sources */,
			);
			runOnlyForDeploymentPostprocessing = 0;
		};
		044A6FEC212D5BFE00595F73 /* Sources */ = {
			isa = PBXSourcesBuildPhase;
			buildActionMask = 2147483647;
			files = (
				044A6FF5212D5BFE00595F73 /* testTests.m in Sources */,
			);
			runOnlyForDeploymentPostprocessing = 0;
		};
		044A6FF7212D5BFF00595F73 /* Sources */ = {
			isa = PBXSourcesBuildPhase;
			buildActionMask = 2147483647;
			files = (
				044A7000212D5BFF00595F73 /* testUITests.m in Sources */,
			);
			runOnlyForDeploymentPostprocessing = 0;
		};
/* End PBXSourcesBuildPhase section */

/* Begin PBXTargetDependency section */
		044A6FF2212D5BFE00595F73 /* PBXTargetDependency */ = {
			isa = PBXTargetDependency;
			target = 044A6FD7212D5BFE00595F73 /* test */;
			targetProxy = 044A6FF1212D5BFE00595F73 /* PBXContainerItemProxy */;
		};
		044A6FFD212D5BFF00595F73 /* PBXTargetDependency */ = {
			isa = PBXTargetDependency;
			target = 044A6FD7212D5BFE00595F73 /* test */;
			targetProxy = 044A6FFC212D5BFF00595F73 /* PBXContainerItemProxy */;
		};
/* End PBXTargetDependency section */

/* Begin PBXVariantGroup section */
		044A6FE1212D5BFE00595F73 /* Main.storyboard */ = {
			isa = PBXVariantGroup;
			children = (
				044A6FE2212D5BFE00595F73 /* Base */,
			);
			name = Main.storyboard;
			sourceTree = "<group>";
		};
		044A6FE6212D5BFE00595F73 /* LaunchScreen.storyboard */ = {
			isa = PBXVariantGroup;
			children = (
				044A6FE7212D5BFE00595F73 /* Base */,
			);
			name = LaunchScreen.storyboard;
			sourceTree = "<group>";
		};
/* End PBXVariantGroup section */

/* Begin XCBuildConfiguration section */
		044A7002212D5BFF00595F73 /* Debug */ = {
			isa = XCBuildConfiguration;
			buildSettings = {
				ALWAYS_SEARCH_USER_PATHS = NO;
				CLANG_ANALYZER_NONNULL = YES;
				CLANG_ANALYZER_NUMBER_OBJECT_CONVERSION = YES_AGGRESSIVE;
				CLANG_CXX_LANGUAGE_STANDARD = "gnu++14";
				CLANG_CXX_LIBRARY = "libc++";
				CLANG_ENABLE_MODULES = YES;
				CLANG_ENABLE_OBJC_ARC = YES;
				CLANG_ENABLE_OBJC_WEAK = YES;
				CLANG_WARN_BLOCK_CAPTURE_AUTORELEASING = YES;
				CLANG_WARN_BOOL_CONVERSION = YES;
				CLANG_WARN_COMMA = YES;
				CLANG_WARN_CONSTANT_CONVERSION = YES;
				CLANG_WARN_DEPRECATED_OBJC_IMPLEMENTATIONS = YES;
				CLANG_WARN_DIRECT_OBJC_ISA_USAGE = YES_ERROR;
				CLANG_WARN_DOCUMENTATION_COMMENTS = YES;
				CLANG_WARN_EMPTY_BODY = YES;
				CLANG_WARN_ENUM_CONVERSION = YES;
				CLANG_WARN_INFINITE_RECURSION = YES;
				CLANG_WARN_INT_CONVERSION = YES;
				CLANG_WARN_NON_LITERAL_NULL_CONVERSION = YES;
				CLANG_WARN_OBJC_IMPLICIT_RETAIN_SELF = YES;
				CLANG_WARN_OBJC_LITERAL_CONVERSION = YES;
				CLANG_WARN_OBJC_ROOT_CLASS = YES_ERROR;
				CLANG_WARN_RANGE_LOOP_ANALYSIS = YES;
				CLANG_WARN_STRICT_PROTOTYPES = YES;
				CLANG_WARN_SUSPICIOUS_MOVE = YES;
				CLANG_WARN_UNGUARDED_AVAILABILITY = YES_AGGRESSIVE;
				CLANG_WARN_UNREACHABLE_CODE = YES;
				CLANG_WARN__DUPLICATE_METHOD_MATCH = YES;
				CODE_SIGN_IDENTITY = "iPhone Developer";
				COPY_PHASE_STRIP = NO;
				DEBUG_INFORMATION_FORMAT = dwarf;
				ENABLE_STRICT_OBJC_MSGSEND = YES;
				ENABLE_TESTABILITY = YES;
				GCC_C_LANGUAGE_STANDARD = gnu11;
				GCC_DYNAMIC_NO_PIC = NO;
				GCC_NO_COMMON_BLOCKS = YES;
				GCC_OPTIMIZATION_LEVEL = 0;
				GCC_PREPROCESSOR_DEFINITIONS = (
					"DEBUG=1",
					"$(inherited)",
				);
				GCC_WARN_64_TO_32_BIT_CONVERSION = YES;
				GCC_WARN_ABOUT_RETURN_TYPE = YES_ERROR;
				GCC_WARN_UNDECLARED_SELECTOR = YES;
				GCC_WARN_UNINITIALIZED_AUTOS = YES_AGGRESSIVE;
				GCC_WARN_UNUSED_FUNCTION = YES;
				GCC_WARN_UNUSED_VARIABLE = YES;
				IPHONEOS_DEPLOYMENT_TARGET = 11.4;
				MTL_ENABLE_DEBUG_INFO = YES;
				ONLY_ACTIVE_ARCH = YES;
				SDKROOT = iphoneos;
			};
			name = Debug;
		};
		044A7003212D5BFF00595F73 /* Release */ = {
			isa = XCBuildConfiguration;
			buildSettings = {
				ALWAYS_SEARCH_USER_PATHS = NO;
				CLANG_ANALYZER_NONNULL = YES;
				CLANG_ANALYZER_NUMBER_OBJECT_CONVERSION = YES_AGGRESSIVE;
				CLANG_CXX_LANGUAGE_STANDARD = "gnu++14";
				CLANG_CXX_LIBRARY = "libc++";
				CLANG_ENABLE_MODULES = YES;
				CLANG_ENABLE_OBJC_ARC = YES;
				CLANG_ENABLE_OBJC_WEAK = YES;
				CLANG_WARN_BLOCK_CAPTURE_AUTORELEASING = YES;
				CLANG_WARN_BOOL_CONVERSION = YES;
				CLANG_WARN_COMMA = YES;
				CLANG_WARN_CONSTANT_CONVERSION = YES;
				CLANG_WARN_DEPRECATED_OBJC_IMPLEMENTATIONS = YES;
				CLANG_WARN_DIRECT_OBJC_ISA_USAGE = YES_ERROR;
				CLANG_WARN_DOCUMENTATION_COMMENTS = YES;
				CLANG_WARN_EMPTY_BODY = YES;
				CLANG_WARN_ENUM_CONVERSION = YES;
				CLANG_WARN_INFINITE_RECURSION = YES;
				CLANG_WARN_INT_CONVERSION = YES;
				CLANG_WARN_NON_LITERAL_NULL_CONVERSION = YES;
				CLANG_WARN_OBJC_IMPLICIT_RETAIN_SELF = YES;
				CLANG_WARN_OBJC_LITERAL_CONVERSION = YES;
				CLANG_WARN_OBJC_ROOT_CLASS = YES_ERROR;
				CLANG_WARN_RANGE_LOOP_ANALYSIS = YES;
				CLANG_WARN_STRICT_PROTOTYPES = YES;
				CLANG_WARN_SUSPICIOUS_MOVE = YES;
				CLANG_WARN_UNGUARDED_AVAILABILITY = YES_AGGRESSIVE;
				CLANG_WARN_UNREACHABLE_CODE = YES;
				CLANG_WARN__DUPLICATE_METHOD_MATCH = YES;
				CODE_SIGN_IDENTITY = "iPhone Developer";
				COPY_PHASE_STRIP = NO;
				DEBUG_INFORMATION_FORMAT = "dwarf-with-dsym";
				ENABLE_NS_ASSERTIONS = NO;
				ENABLE_STRICT_OBJC_MSGSEND = YES;
				GCC_C_LANGUAGE_STANDARD = gnu11;
				GCC_NO_COMMON_BLOCKS = YES;
				GCC_WARN_64_TO_32_BIT_CONVERSION = YES;
				GCC_WARN_ABOUT_RETURN_TYPE = YES_ERROR;
				GCC_WARN_UNDECLARED_SELECTOR = YES;
				GCC_WARN_UNINITIALIZED_AUTOS = YES_AGGRESSIVE;
				GCC_WARN_UNUSED_FUNCTION = YES;
				GCC_WARN_UNUSED_VARIABLE = YES;
				IPHONEOS_DEPLOYMENT_TARGET = 11.4;
				MTL_ENABLE_DEBUG_INFO = NO;
				SDKROOT = iphoneos;
				VALIDATE_PRODUCT = YES;
			};
			name = Release;
		};
		044A7005212D5BFF00595F73 /* Debug */ = {
			isa = XCBuildConfiguration;
			baseConfigurationReference = A208B5BAD37A9B4C32724D36 /* Pods-test.debug.xcconfig */;
			buildSettings = {
				ASSETCATALOG_COMPILER_APPICON_NAME = AppIcon;
				CODE_SIGN_STYLE = Automatic;
				INFOPLIST_FILE = test/Info.plist;
				LD_RUNPATH_SEARCH_PATHS = (
					"$(inherited)",
					"@executable_path/Frameworks",
				);
				PRODUCT_BUNDLE_IDENTIFIER = MAC.test;
				PRODUCT_NAME = "$(TARGET_NAME)";
				TARGETED_DEVICE_FAMILY = "1,2";
			};
			name = Debug;
		};
		044A7006212D5BFF00595F73 /* Release */ = {
			isa = XCBuildConfiguration;
			baseConfigurationReference = 8C9C0A951B367855AA4184D1 /* Pods-test.release.xcconfig */;
			buildSettings = {
				ASSETCATALOG_COMPILER_APPICON_NAME = AppIcon;
				CODE_SIGN_STYLE = Automatic;
				INFOPLIST_FILE = test/Info.plist;
				LD_RUNPATH_SEARCH_PATHS = (
					"$(inherited)",
					"@executable_path/Frameworks",
				);
				PRODUCT_BUNDLE_IDENTIFIER = MAC.test;
				PRODUCT_NAME = "$(TARGET_NAME)";
				TARGETED_DEVICE_FAMILY = "1,2";
			};
			name = Release;
		};
		044A7008212D5BFF00595F73 /* Debug */ = {
			isa = XCBuildConfiguration;
			buildSettings = {
				BUNDLE_LOADER = "$(TEST_HOST)";
				CODE_SIGN_STYLE = Automatic;
				INFOPLIST_FILE = testTests/Info.plist;
				LD_RUNPATH_SEARCH_PATHS = (
					"$(inherited)",
					"@executable_path/Frameworks",
					"@loader_path/Frameworks",
				);
				PRODUCT_BUNDLE_IDENTIFIER = MAC.testTests;
				PRODUCT_NAME = "$(TARGET_NAME)";
				TARGETED_DEVICE_FAMILY = "1,2";
				TEST_HOST = "$(BUILT_PRODUCTS_DIR)/test.app/test";
			};
			name = Debug;
		};
		044A7009212D5BFF00595F73 /* Release */ = {
			isa = XCBuildConfiguration;
			buildSettings = {
				BUNDLE_LOADER = "$(TEST_HOST)";
				CODE_SIGN_STYLE = Automatic;
				INFOPLIST_FILE = testTests/Info.plist;
				LD_RUNPATH_SEARCH_PATHS = (
					"$(inherited)",
					"@executable_path/Frameworks",
					"@loader_path/Frameworks",
				);
				PRODUCT_BUNDLE_IDENTIFIER = MAC.testTests;
				PRODUCT_NAME = "$(TARGET_NAME)";
				TARGETED_DEVICE_FAMILY = "1,2";
				TEST_HOST = "$(BUILT_PRODUCTS_DIR)/test.app/test";
			};
			name = Release;
		};
		044A700B212D5BFF00595F73 /* Debug */ = {
			isa = XCBuildConfiguration;
			buildSettings = {
				CODE_SIGN_STYLE = Automatic;
				INFOPLIST_FILE = testUITests/Info.plist;
				LD_RUNPATH_SEARCH_PATHS = (
					"$(inherited)",
					"@executable_path/Frameworks",
					"@loader_path/Frameworks",
				);
				PRODUCT_BUNDLE_IDENTIFIER = MAC.testUITests;
				PRODUCT_NAME = "$(TARGET_NAME)";
				TARGETED_DEVICE_FAMILY = "1,2";
				TEST_TARGET_NAME = test;
			};
			name = Debug;
		};
		044A700C212D5BFF00595F73 /* Release */ = {
			isa = XCBuildConfiguration;
			buildSettings = {
				CODE_SIGN_STYLE = Automatic;
				INFOPLIST_FILE = testUITests/Info.plist;
				LD_RUNPATH_SEARCH_PATHS = (
					"$(inherited)",
					"@executable_path/Frameworks",
					"@loader_path/Frameworks",
				);
				PRODUCT_BUNDLE_IDENTIFIER = MAC.testUITests;
				PRODUCT_NAME = "$(TARGET_NAME)";
				TARGETED_DEVICE_FAMILY = "1,2";
				TEST_TARGET_NAME = test;
			};
			name = Release;
		};
/* End XCBuildConfiguration section */

/* Begin XCConfigurationList section */
		044A6FD3212D5BFE00595F73 /* Build configuration list for PBXProject "test" */ = {
			isa = XCConfigurationList;
			buildConfigurations = (
				044A7002212D5BFF00595F73 /* Debug */,
				044A7003212D5BFF00595F73 /* Release */,
			);
			defaultConfigurationIsVisible = 0;
			defaultConfigurationName = Release;
		};
		044A7004212D5BFF00595F73 /* Build configuration list for PBXNativeTarget "test" */ = {
			isa = XCConfigurationList;
			buildConfigurations = (
				044A7005212D5BFF00595F73 /* Debug */,
				044A7006212D5BFF00595F73 /* Release */,
			);
			defaultConfigurationIsVisible = 0;
			defaultConfigurationName = Release;
		};
		044A7007212D5BFF00595F73 /* Build configuration list for PBXNativeTarget "testTests" */ = {
			isa = XCConfigurationList;
			buildConfigurations = (
				044A7008212D5BFF00595F73 /* Debug */,
				044A7009212D5BFF00595F73 /* Release */,
			);
			defaultConfigurationIsVisible = 0;
			defaultConfigurationName = Release;
		};
		044A700A212D5BFF00595F73 /* Build configuration list for PBXNativeTarget "testUITests" */ = {
			isa = XCConfigurationList;
			buildConfigurations = (
				044A700B212D5BFF00595F73 /* Debug */,
				044A700C212D5BFF00595F73 /* Release */,
			);
			defaultConfigurationIsVisible = 0;
			defaultConfigurationName = Release;
		};
/* End XCConfigurationList section */
	};
	rootObject = 044A6FD0212D5BFE00595F73 /* Project object */;
}
